// !$*UTF8*$!
{
	archiveVersion = 1;
	classes = {
	};
	objectVersion = 48;
	objects = {

/* Begin PBXBuildFile section */
		2644A728BC930CB1F8DC977C /* Pods_Smack.framework in Frameworks */ = {isa = PBXBuildFile; fileRef = AE2D26DF3A8307F95A111207 /* Pods_Smack.framework */; };
		8D4F8B3B2239932600E1DEF0 /* Constants.swift in Sources */ = {isa = PBXBuildFile; fileRef = 8D4F8B3A2239932600E1DEF0 /* Constants.swift */; };
		8D4F8B3D2239A03D00E1DEF0 /* LoginVC.swift in Sources */ = {isa = PBXBuildFile; fileRef = 8D4F8B3C2239A03D00E1DEF0 /* LoginVC.swift */; };
		8D4F8B3F2239A39400E1DEF0 /* CreateAccountVC.swift in Sources */ = {isa = PBXBuildFile; fileRef = 8D4F8B3E2239A39400E1DEF0 /* CreateAccountVC.swift */; };
		8D4F8B602239ED5C00E1DEF0 /* AuthService.swift in Sources */ = {isa = PBXBuildFile; fileRef = 8D4F8B5F2239ED5C00E1DEF0 /* AuthService.swift */; };
		8D4F8B62223C0DBC00E1DEF0 /* RoundedButton.swift in Sources */ = {isa = PBXBuildFile; fileRef = 8D4F8B61223C0DBC00E1DEF0 /* RoundedButton.swift */; };
		8D93E7F72235C2EA00289FE7 /* SWRevealViewController.m in Sources */ = {isa = PBXBuildFile; fileRef = 8D93E7F52235C2E900289FE7 /* SWRevealViewController.m */; };
		8D93E7F92235DA4800289FE7 /* GradientView.swift in Sources */ = {isa = PBXBuildFile; fileRef = 8D93E7F82235DA4800289FE7 /* GradientView.swift */; };
		8DB4582E2259303E00A10DDD /* UserDataService.swift in Sources */ = {isa = PBXBuildFile; fileRef = 8DB4582D2259303E00A10DDD /* UserDataService.swift */; };
		8DB45830225BB6A200A10DDD /* AvatarPickerVC.swift in Sources */ = {isa = PBXBuildFile; fileRef = 8DB4582F225BB6A200A10DDD /* AvatarPickerVC.swift */; };
		8DB45832225BBB4C00A10DDD /* AvatarCell.swift in Sources */ = {isa = PBXBuildFile; fileRef = 8DB45831225BBB4C00A10DDD /* AvatarCell.swift */; };
		8DCCE89A2235B93100779D51 /* ChatVC.swift in Sources */ = {isa = PBXBuildFile; fileRef = 8DCCE8992235B93100779D51 /* ChatVC.swift */; };
		8DCCE89C2235B94400779D51 /* ChannelVC.swift in Sources */ = {isa = PBXBuildFile; fileRef = 8DCCE89B2235B94400779D51 /* ChannelVC.swift */; };
		8DCFDC862235A568001E0E03 /* AppDelegate.swift in Sources */ = {isa = PBXBuildFile; fileRef = 8DCFDC852235A568001E0E03 /* AppDelegate.swift */; };
		8DCFDC8B2235A568001E0E03 /* Main.storyboard in Resources */ = {isa = PBXBuildFile; fileRef = 8DCFDC892235A568001E0E03 /* Main.storyboard */; };
		8DCFDC8D2235A568001E0E03 /* Assets.xcassets in Resources */ = {isa = PBXBuildFile; fileRef = 8DCFDC8C2235A568001E0E03 /* Assets.xcassets */; };
		8DCFDC902235A568001E0E03 /* LaunchScreen.storyboard in Resources */ = {isa = PBXBuildFile; fileRef = 8DCFDC8E2235A568001E0E03 /* LaunchScreen.storyboard */; };
/* End PBXBuildFile section */

/* Begin PBXFileReference section */
		7FCFD0F6CF9231AD04F31093 /* Pods-Smack.debug.xcconfig */ = {isa = PBXFileReference; includeInIndex = 1; lastKnownFileType = text.xcconfig; name = "Pods-Smack.debug.xcconfig"; path = "Pods/Target Support Files/Pods-Smack/Pods-Smack.debug.xcconfig"; sourceTree = "<group>"; };
		8D4F8B3A2239932600E1DEF0 /* Constants.swift */ = {isa = PBXFileReference; lastKnownFileType = sourcecode.swift; path = Constants.swift; sourceTree = "<group>"; };
		8D4F8B3C2239A03D00E1DEF0 /* LoginVC.swift */ = {isa = PBXFileReference; lastKnownFileType = sourcecode.swift; path = LoginVC.swift; sourceTree = "<group>"; };
		8D4F8B3E2239A39400E1DEF0 /* CreateAccountVC.swift */ = {isa = PBXFileReference; lastKnownFileType = sourcecode.swift; path = CreateAccountVC.swift; sourceTree = "<group>"; };
		8D4F8B5F2239ED5C00E1DEF0 /* AuthService.swift */ = {isa = PBXFileReference; lastKnownFileType = sourcecode.swift; path = AuthService.swift; sourceTree = "<group>"; };
		8D4F8B61223C0DBC00E1DEF0 /* RoundedButton.swift */ = {isa = PBXFileReference; lastKnownFileType = sourcecode.swift; path = RoundedButton.swift; sourceTree = "<group>"; };
		8D93E7F42235C2E900289FE7 /* Smack-Bridging-Header.h */ = {isa = PBXFileReference; lastKnownFileType = sourcecode.c.h; path = "Smack-Bridging-Header.h"; sourceTree = "<group>"; };
		8D93E7F52235C2E900289FE7 /* SWRevealViewController.m */ = {isa = PBXFileReference; fileEncoding = 4; lastKnownFileType = sourcecode.c.objc; path = SWRevealViewController.m; sourceTree = "<group>"; };
		8D93E7F62235C2EA00289FE7 /* SWRevealViewController.h */ = {isa = PBXFileReference; fileEncoding = 4; lastKnownFileType = sourcecode.c.h; path = SWRevealViewController.h; sourceTree = "<group>"; };
		8D93E7F82235DA4800289FE7 /* GradientView.swift */ = {isa = PBXFileReference; lastKnownFileType = sourcecode.swift; path = GradientView.swift; sourceTree = "<group>"; };
		8DB4582D2259303E00A10DDD /* UserDataService.swift */ = {isa = PBXFileReference; lastKnownFileType = sourcecode.swift; path = UserDataService.swift; sourceTree = "<group>"; };
		8DB4582F225BB6A200A10DDD /* AvatarPickerVC.swift */ = {isa = PBXFileReference; lastKnownFileType = sourcecode.swift; path = AvatarPickerVC.swift; sourceTree = "<group>"; };
		8DB45831225BBB4C00A10DDD /* AvatarCell.swift */ = {isa = PBXFileReference; lastKnownFileType = sourcecode.swift; path = AvatarCell.swift; sourceTree = "<group>"; };
		8DCCE8992235B93100779D51 /* ChatVC.swift */ = {isa = PBXFileReference; lastKnownFileType = sourcecode.swift; path = ChatVC.swift; sourceTree = "<group>"; };
		8DCCE89B2235B94400779D51 /* ChannelVC.swift */ = {isa = PBXFileReference; lastKnownFileType = sourcecode.swift; path = ChannelVC.swift; sourceTree = "<group>"; };
		8DCFDC822235A568001E0E03 /* Smack.app */ = {isa = PBXFileReference; explicitFileType = wrapper.application; includeInIndex = 0; path = Smack.app; sourceTree = BUILT_PRODUCTS_DIR; };
		8DCFDC852235A568001E0E03 /* AppDelegate.swift */ = {isa = PBXFileReference; lastKnownFileType = sourcecode.swift; path = AppDelegate.swift; sourceTree = "<group>"; };
		8DCFDC8A2235A568001E0E03 /* Base */ = {isa = PBXFileReference; lastKnownFileType = file.storyboard; name = Base; path = Base.lproj/Main.storyboard; sourceTree = "<group>"; };
		8DCFDC8C2235A568001E0E03 /* Assets.xcassets */ = {isa = PBXFileReference; lastKnownFileType = folder.assetcatalog; path = Assets.xcassets; sourceTree = "<group>"; };
		8DCFDC8F2235A568001E0E03 /* Base */ = {isa = PBXFileReference; lastKnownFileType = file.storyboard; name = Base; path = Base.lproj/LaunchScreen.storyboard; sourceTree = "<group>"; };
		8DCFDC912235A568001E0E03 /* Info.plist */ = {isa = PBXFileReference; lastKnownFileType = text.plist.xml; path = Info.plist; sourceTree = "<group>"; };
		AE2D26DF3A8307F95A111207 /* Pods_Smack.framework */ = {isa = PBXFileReference; explicitFileType = wrapper.framework; includeInIndex = 0; path = Pods_Smack.framework; sourceTree = BUILT_PRODUCTS_DIR; };
		ED17CEA3A8890BBFAC66A7F7 /* Pods-Smack.release.xcconfig */ = {isa = PBXFileReference; includeInIndex = 1; lastKnownFileType = text.xcconfig; name = "Pods-Smack.release.xcconfig"; path = "Pods/Target Support Files/Pods-Smack/Pods-Smack.release.xcconfig"; sourceTree = "<group>"; };
/* End PBXFileReference section */

/* Begin PBXFrameworksBuildPhase section */
		8DCFDC7F2235A568001E0E03 /* Frameworks */ = {
			isa = PBXFrameworksBuildPhase;
			buildActionMask = 2147483647;
			files = (
				2644A728BC930CB1F8DC977C /* Pods_Smack.framework in Frameworks */,
			);
			runOnlyForDeploymentPostprocessing = 0;
		};
/* End PBXFrameworksBuildPhase section */

/* Begin PBXGroup section */
		21F15B3CA37953959E82BDCF /* Frameworks */ = {
			isa = PBXGroup;
			children = (
				AE2D26DF3A8307F95A111207 /* Pods_Smack.framework */,
			);
			name = Frameworks;
			sourceTree = "<group>";
		};
		6113238959F131A7F57D0E6D /* Pods */ = {
			isa = PBXGroup;
			children = (
				7FCFD0F6CF9231AD04F31093 /* Pods-Smack.debug.xcconfig */,
				ED17CEA3A8890BBFAC66A7F7 /* Pods-Smack.release.xcconfig */,
			);
			name = Pods;
			sourceTree = "<group>";
		};
		8D4F8B392239930F00E1DEF0 /* Utilities */ = {
			isa = PBXGroup;
			children = (
				8D4F8B3A2239932600E1DEF0 /* Constants.swift */,
			);
			path = Utilities;
			sourceTree = "<group>";
		};
		8D4F8B5E2239ED3E00E1DEF0 /* Services */ = {
			isa = PBXGroup;
			children = (
				8D4F8B5F2239ED5C00E1DEF0 /* AuthService.swift */,
				8DB4582D2259303E00A10DDD /* UserDataService.swift */,
			);
			path = Services;
			sourceTree = "<group>";
		};
		8D93E7F02235C19B00289FE7 /* Supporting Files */ = {
			isa = PBXGroup;
			children = (
				8D93E7F62235C2EA00289FE7 /* SWRevealViewController.h */,
				8D93E7F52235C2E900289FE7 /* SWRevealViewController.m */,
				8D93E7F42235C2E900289FE7 /* Smack-Bridging-Header.h */,
			);
			name = "Supporting Files";
			path = "New Group";
			sourceTree = "<group>";
		};
		8DCCE8962235B8EC00779D51 /* Model */ = {
			isa = PBXGroup;
			children = (
			);
			path = Model;
			sourceTree = "<group>";
		};
		8DCCE8972235B8F700779D51 /* View */ = {
			isa = PBXGroup;
			children = (
				8D93E7F82235DA4800289FE7 /* GradientView.swift */,
				8D4F8B61223C0DBC00E1DEF0 /* RoundedButton.swift */,
				8DB45831225BBB4C00A10DDD /* AvatarCell.swift */,
			);
			path = View;
			sourceTree = "<group>";
		};
		8DCCE8982235B8FD00779D51 /* Controller */ = {
			isa = PBXGroup;
			children = (
				8DCCE8992235B93100779D51 /* ChatVC.swift */,
				8DCCE89B2235B94400779D51 /* ChannelVC.swift */,
				8D4F8B3C2239A03D00E1DEF0 /* LoginVC.swift */,
				8D4F8B3E2239A39400E1DEF0 /* CreateAccountVC.swift */,
				8DB4582F225BB6A200A10DDD /* AvatarPickerVC.swift */,
			);
			path = Controller;
			sourceTree = "<group>";
		};
		8DCFDC792235A568001E0E03 = {
			isa = PBXGroup;
			children = (
				8DCFDC842235A568001E0E03 /* Smack */,
				8DCFDC832235A568001E0E03 /* Products */,
				6113238959F131A7F57D0E6D /* Pods */,
				21F15B3CA37953959E82BDCF /* Frameworks */,
			);
			sourceTree = "<group>";
		};
		8DCFDC832235A568001E0E03 /* Products */ = {
			isa = PBXGroup;
			children = (
				8DCFDC822235A568001E0E03 /* Smack.app */,
			);
			name = Products;
			sourceTree = "<group>";
		};
		8DCFDC842235A568001E0E03 /* Smack */ = {
			isa = PBXGroup;
			children = (
				8D4F8B5E2239ED3E00E1DEF0 /* Services */,
				8D4F8B392239930F00E1DEF0 /* Utilities */,
				8D93E7F02235C19B00289FE7 /* Supporting Files */,
				8DCCE8982235B8FD00779D51 /* Controller */,
				8DCCE8972235B8F700779D51 /* View */,
				8DCCE8962235B8EC00779D51 /* Model */,
				8DCFDC852235A568001E0E03 /* AppDelegate.swift */,
				8DCFDC892235A568001E0E03 /* Main.storyboard */,
				8DCFDC8C2235A568001E0E03 /* Assets.xcassets */,
				8DCFDC8E2235A568001E0E03 /* LaunchScreen.storyboard */,
				8DCFDC912235A568001E0E03 /* Info.plist */,
			);
			path = Smack;
			sourceTree = "<group>";
		};
/* End PBXGroup section */

/* Begin PBXNativeTarget section */
		8DCFDC812235A568001E0E03 /* Smack */ = {
			isa = PBXNativeTarget;
			buildConfigurationList = 8DCFDC942235A568001E0E03 /* Build configuration list for PBXNativeTarget "Smack" */;
			buildPhases = (
				138265E5991EC72021C06A3F /* [CP] Check Pods Manifest.lock */,
				8DCFDC7E2235A568001E0E03 /* Sources */,
				8DCFDC7F2235A568001E0E03 /* Frameworks */,
				8DCFDC802235A568001E0E03 /* Resources */,
				7E110BAD8FF7B06590184009 /* [CP] Embed Pods Frameworks */,
			);
			buildRules = (
			);
			dependencies = (
			);
			name = Smack;
			productName = Smack;
			productReference = 8DCFDC822235A568001E0E03 /* Smack.app */;
			productType = "com.apple.product-type.application";
		};
/* End PBXNativeTarget section */

/* Begin PBXProject section */
		8DCFDC7A2235A568001E0E03 /* Project object */ = {
			isa = PBXProject;
			attributes = {
				LastSwiftUpdateCheck = 0920;
				LastUpgradeCheck = 0920;
				ORGANIZATIONNAME = "Shilpa Joy";
				TargetAttributes = {
					8DCFDC812235A568001E0E03 = {
						CreatedOnToolsVersion = 9.2;
						LastSwiftMigration = 0920;
						ProvisioningStyle = Automatic;
					};
				};
			};
			buildConfigurationList = 8DCFDC7D2235A568001E0E03 /* Build configuration list for PBXProject "Smack" */;
			compatibilityVersion = "Xcode 8.0";
			developmentRegion = en;
			hasScannedForEncodings = 0;
			knownRegions = (
				en,
				Base,
			);
			mainGroup = 8DCFDC792235A568001E0E03;
			productRefGroup = 8DCFDC832235A568001E0E03 /* Products */;
			projectDirPath = "";
			projectRoot = "";
			targets = (
				8DCFDC812235A568001E0E03 /* Smack */,
			);
		};
/* End PBXProject section */

/* Begin PBXResourcesBuildPhase section */
		8DCFDC802235A568001E0E03 /* Resources */ = {
			isa = PBXResourcesBuildPhase;
			buildActionMask = 2147483647;
			files = (
				8DCFDC902235A568001E0E03 /* LaunchScreen.storyboard in Resources */,
				8DCFDC8D2235A568001E0E03 /* Assets.xcassets in Resources */,
				8DCFDC8B2235A568001E0E03 /* Main.storyboard in Resources */,
			);
			runOnlyForDeploymentPostprocessing = 0;
		};
/* End PBXResourcesBuildPhase section */

/* Begin PBXShellScriptBuildPhase section */
		138265E5991EC72021C06A3F /* [CP] Check Pods Manifest.lock */ = {
			isa = PBXShellScriptBuildPhase;
			buildActionMask = 2147483647;
			files = (
			);
			inputPaths = (
				"${PODS_PODFILE_DIR_PATH}/Podfile.lock",
				"${PODS_ROOT}/Manifest.lock",
			);
			name = "[CP] Check Pods Manifest.lock";
			outputPaths = (
				"$(DERIVED_FILE_DIR)/Pods-Smack-checkManifestLockResult.txt",
			);
			runOnlyForDeploymentPostprocessing = 0;
			shellPath = /bin/sh;
			shellScript = "diff \"${PODS_PODFILE_DIR_PATH}/Podfile.lock\" \"${PODS_ROOT}/Manifest.lock\" > /dev/null\nif [ $? != 0 ] ; then\n    # print error to STDERR\n    echo \"error: The sandbox is not in sync with the Podfile.lock. Run 'pod install' or update your CocoaPods installation.\" >&2\n    exit 1\nfi\n# This output is used by Xcode 'outputs' to avoid re-running this script phase.\necho \"SUCCESS\" > \"${SCRIPT_OUTPUT_FILE_0}\"\n";
			showEnvVarsInLog = 0;
		};
		7E110BAD8FF7B06590184009 /* [CP] Embed Pods Frameworks */ = {
			isa = PBXShellScriptBuildPhase;
			buildActionMask = 2147483647;
			files = (
			);
			inputPaths = (
				"${SRCROOT}/Pods/Target Support Files/Pods-Smack/Pods-Smack-frameworks.sh",
				"${BUILT_PRODUCTS_DIR}/Alamofire/Alamofire.framework",
				"${BUILT_PRODUCTS_DIR}/Socket.IO-Client-Swift/SocketIO.framework",
				"${BUILT_PRODUCTS_DIR}/SwiftyJSON/SwiftyJSON.framework",
			);
			name = "[CP] Embed Pods Frameworks";
			outputPaths = (
				"${TARGET_BUILD_DIR}/${FRAMEWORKS_FOLDER_PATH}/Alamofire.framework",
				"${TARGET_BUILD_DIR}/${FRAMEWORKS_FOLDER_PATH}/SocketIO.framework",
				"${TARGET_BUILD_DIR}/${FRAMEWORKS_FOLDER_PATH}/SwiftyJSON.framework",
			);
			runOnlyForDeploymentPostprocessing = 0;
			shellPath = /bin/sh;
			shellScript = "\"${SRCROOT}/Pods/Target Support Files/Pods-Smack/Pods-Smack-frameworks.sh\"\n";
			showEnvVarsInLog = 0;
		};
/* End PBXShellScriptBuildPhase section */

/* Begin PBXSourcesBuildPhase section */
		8DCFDC7E2235A568001E0E03 /* Sources */ = {
			isa = PBXSourcesBuildPhase;
			buildActionMask = 2147483647;
			files = (
				8DCCE89C2235B94400779D51 /* ChannelVC.swift in Sources */,
				8DB45830225BB6A200A10DDD /* AvatarPickerVC.swift in Sources */,
				8D4F8B62223C0DBC00E1DEF0 /* RoundedButton.swift in Sources */,
				8DCCE89A2235B93100779D51 /* ChatVC.swift in Sources */,
				8DB4582E2259303E00A10DDD /* UserDataService.swift in Sources */,
				8D4F8B3F2239A39400E1DEF0 /* CreateAccountVC.swift in Sources */,
				8D4F8B602239ED5C00E1DEF0 /* AuthService.swift in Sources */,
				8D4F8B3D2239A03D00E1DEF0 /* LoginVC.swift in Sources */,
				8D93E7F92235DA4800289FE7 /* GradientView.swift in Sources */,
				8DB45832225BBB4C00A10DDD /* AvatarCell.swift in Sources */,
				8DCFDC862235A568001E0E03 /* AppDelegate.swift in Sources */,
				8D93E7F72235C2EA00289FE7 /* SWRevealViewController.m in Sources */,
				8D4F8B3B2239932600E1DEF0 /* Constants.swift in Sources */,
			);
			runOnlyForDeploymentPostprocessing = 0;
		};
/* End PBXSourcesBuildPhase section */

/* Begin PBXVariantGroup section */
		8DCFDC892235A568001E0E03 /* Main.storyboard */ = {
			isa = PBXVariantGroup;
			children = (
				8DCFDC8A2235A568001E0E03 /* Base */,
			);
			name = Main.storyboard;
			sourceTree = "<group>";
		};
		8DCFDC8E2235A568001E0E03 /* LaunchScreen.storyboard */ = {
			isa = PBXVariantGroup;
			children = (
				8DCFDC8F2235A568001E0E03 /* Base */,
			);
			name = LaunchScreen.storyboard;
			sourceTree = "<group>";
		};
/* End PBXVariantGroup section */

/* Begin XCBuildConfiguration section */
		8DCFDC922235A568001E0E03 /* Debug */ = {
			isa = XCBuildConfiguration;
			buildSettings = {
				ALWAYS_SEARCH_USER_PATHS = NO;
				CLANG_ANALYZER_NONNULL = YES;
				CLANG_ANALYZER_NUMBER_OBJECT_CONVERSION = YES_AGGRESSIVE;
				CLANG_CXX_LANGUAGE_STANDARD = "gnu++14";
				CLANG_CXX_LIBRARY = "libc++";
				CLANG_ENABLE_MODULES = YES;
				CLANG_ENABLE_OBJC_ARC = YES;
				CLANG_WARN_BLOCK_CAPTURE_AUTORELEASING = YES;
				CLANG_WARN_BOOL_CONVERSION = YES;
				CLANG_WARN_COMMA = YES;
				CLANG_WARN_CONSTANT_CONVERSION = YES;
				CLANG_WARN_DIRECT_OBJC_ISA_USAGE = YES_ERROR;
				CLANG_WARN_DOCUMENTATION_COMMENTS = YES;
				CLANG_WARN_EMPTY_BODY = YES;
				CLANG_WARN_ENUM_CONVERSION = YES;
				CLANG_WARN_INFINITE_RECURSION = YES;
				CLANG_WARN_INT_CONVERSION = YES;
				CLANG_WARN_NON_LITERAL_NULL_CONVERSION = YES;
				CLANG_WARN_OBJC_LITERAL_CONVERSION = YES;
				CLANG_WARN_OBJC_ROOT_CLASS = YES_ERROR;
				CLANG_WARN_RANGE_LOOP_ANALYSIS = YES;
				CLANG_WARN_STRICT_PROTOTYPES = YES;
				CLANG_WARN_SUSPICIOUS_MOVE = YES;
				CLANG_WARN_UNGUARDED_AVAILABILITY = YES_AGGRESSIVE;
				CLANG_WARN_UNREACHABLE_CODE = YES;
				CLANG_WARN__DUPLICATE_METHOD_MATCH = YES;
				CODE_SIGN_IDENTITY = "iPhone Developer";
				COPY_PHASE_STRIP = NO;
				DEBUG_INFORMATION_FORMAT = dwarf;
				ENABLE_STRICT_OBJC_MSGSEND = YES;
				ENABLE_TESTABILITY = YES;
				GCC_C_LANGUAGE_STANDARD = gnu11;
				GCC_DYNAMIC_NO_PIC = NO;
				GCC_NO_COMMON_BLOCKS = YES;
				GCC_OPTIMIZATION_LEVEL = 0;
				GCC_PREPROCESSOR_DEFINITIONS = (
					"DEBUG=1",
					"$(inherited)",
				);
				GCC_WARN_64_TO_32_BIT_CONVERSION = YES;
				GCC_WARN_ABOUT_RETURN_TYPE = YES_ERROR;
				GCC_WARN_UNDECLARED_SELECTOR = YES;
				GCC_WARN_UNINITIALIZED_AUTOS = YES_AGGRESSIVE;
				GCC_WARN_UNUSED_FUNCTION = YES;
				GCC_WARN_UNUSED_VARIABLE = YES;
				IPHONEOS_DEPLOYMENT_TARGET = 11.2;
				MTL_ENABLE_DEBUG_INFO = YES;
				ONLY_ACTIVE_ARCH = YES;
				SDKROOT = iphoneos;
				SWIFT_ACTIVE_COMPILATION_CONDITIONS = DEBUG;
				SWIFT_OPTIMIZATION_LEVEL = "-Onone";
			};
			name = Debug;
		};
		8DCFDC932235A568001E0E03 /* Release */ = {
			isa = XCBuildConfiguration;
			buildSettings = {
				ALWAYS_SEARCH_USER_PATHS = NO;
				CLANG_ANALYZER_NONNULL = YES;
				CLANG_ANALYZER_NUMBER_OBJECT_CONVERSION = YES_AGGRESSIVE;
				CLANG_CXX_LANGUAGE_STANDARD = "gnu++14";
				CLANG_CXX_LIBRARY = "libc++";
				CLANG_ENABLE_MODULES = YES;
				CLANG_ENABLE_OBJC_ARC = YES;
				CLANG_WARN_BLOCK_CAPTURE_AUTORELEASING = YES;
				CLANG_WARN_BOOL_CONVERSION = YES;
				CLANG_WARN_COMMA = YES;
				CLANG_WARN_CONSTANT_CONVERSION = YES;
				CLANG_WARN_DIRECT_OBJC_ISA_USAGE = YES_ERROR;
				CLANG_WARN_DOCUMENTATION_COMMENTS = YES;
				CLANG_WARN_EMPTY_BODY = YES;
				CLANG_WARN_ENUM_CONVERSION = YES;
				CLANG_WARN_INFINITE_RECURSION = YES;
				CLANG_WARN_INT_CONVERSION = YES;
				CLANG_WARN_NON_LITERAL_NULL_CONVERSION = YES;
				CLANG_WARN_OBJC_LITERAL_CONVERSION = YES;
				CLANG_WARN_OBJC_ROOT_CLASS = YES_ERROR;
				CLANG_WARN_RANGE_LOOP_ANALYSIS = YES;
				CLANG_WARN_STRICT_PROTOTYPES = YES;
				CLANG_WARN_SUSPICIOUS_MOVE = YES;
				CLANG_WARN_UNGUARDED_AVAILABILITY = YES_AGGRESSIVE;
				CLANG_WARN_UNREACHABLE_CODE = YES;
				CLANG_WARN__DUPLICATE_METHOD_MATCH = YES;
				CODE_SIGN_IDENTITY = "iPhone Developer";
				COPY_PHASE_STRIP = NO;
				DEBUG_INFORMATION_FORMAT = "dwarf-with-dsym";
				ENABLE_NS_ASSERTIONS = NO;
				ENABLE_STRICT_OBJC_MSGSEND = YES;
				GCC_C_LANGUAGE_STANDARD = gnu11;
				GCC_NO_COMMON_BLOCKS = YES;
				GCC_WARN_64_TO_32_BIT_CONVERSION = YES;
				GCC_WARN_ABOUT_RETURN_TYPE = YES_ERROR;
				GCC_WARN_UNDECLARED_SELECTOR = YES;
				GCC_WARN_UNINITIALIZED_AUTOS = YES_AGGRESSIVE;
				GCC_WARN_UNUSED_FUNCTION = YES;
				GCC_WARN_UNUSED_VARIABLE = YES;
				IPHONEOS_DEPLOYMENT_TARGET = 11.2;
				MTL_ENABLE_DEBUG_INFO = NO;
				SDKROOT = iphoneos;
				SWIFT_OPTIMIZATION_LEVEL = "-Owholemodule";
				VALIDATE_PRODUCT = YES;
			};
			name = Release;
		};
		8DCFDC952235A568001E0E03 /* Debug */ = {
			isa = XCBuildConfiguration;
			baseConfigurationReference = 7FCFD0F6CF9231AD04F31093 /* Pods-Smack.debug.xcconfig */;
			buildSettings = {
				ASSETCATALOG_COMPILER_APPICON_NAME = AppIcon;
				CLANG_ENABLE_MODULES = YES;
				CODE_SIGN_STYLE = Automatic;
				INFOPLIST_FILE = Smack/Info.plist;
				LD_RUNPATH_SEARCH_PATHS = "$(inherited) @executable_path/Frameworks";
				PRODUCT_BUNDLE_IDENTIFIER = student.Smack;
				PRODUCT_NAME = "$(TARGET_NAME)";
				SWIFT_OBJC_BRIDGING_HEADER = "Smack/New Group/Smack-Bridging-Header.h";
				SWIFT_OPTIMIZATION_LEVEL = "-Onone";
				SWIFT_VERSION = 4.0;
				TARGETED_DEVICE_FAMILY = "1,2";
			};
			name = Debug;
		};
		8DCFDC962235A568001E0E03 /* Release */ = {
			isa = XCBuildConfiguration;
			baseConfigurationReference = ED17CEA3A8890BBFAC66A7F7 /* Pods-Smack.release.xcconfig */;
			buildSettings = {
				ASSETCATALOG_COMPILER_APPICON_NAME = AppIcon;
				CLANG_ENABLE_MODULES = YES;
				CODE_SIGN_STYLE = Automatic;
				INFOPLIST_FILE = Smack/Info.plist;
				LD_RUNPATH_SEARCH_PATHS = "$(inherited) @executable_path/Frameworks";
				PRODUCT_BUNDLE_IDENTIFIER = student.Smack;
				PRODUCT_NAME = "$(TARGET_NAME)";
				SWIFT_OBJC_BRIDGING_HEADER = "Smack/New Group/Smack-Bridging-Header.h";
				SWIFT_VERSION = 4.0;
				TARGETED_DEVICE_FAMILY = "1,2";
			};
			name = Release;
		};
/* End XCBuildConfiguration section */

/* Begin XCConfigurationList section */
		8DCFDC7D2235A568001E0E03 /* Build configuration list for PBXProject "Smack" */ = {
			isa = XCConfigurationList;
			buildConfigurations = (
				8DCFDC922235A568001E0E03 /* Debug */,
				8DCFDC932235A568001E0E03 /* Release */,
			);
			defaultConfigurationIsVisible = 0;
			defaultConfigurationName = Release;
		};
		8DCFDC942235A568001E0E03 /* Build configuration list for PBXNativeTarget "Smack" */ = {
			isa = XCConfigurationList;
			buildConfigurations = (
				8DCFDC952235A568001E0E03 /* Debug */,
				8DCFDC962235A568001E0E03 /* Release */,
			);
			defaultConfigurationIsVisible = 0;
			defaultConfigurationName = Release;
		};
/* End XCConfigurationList section */
	};
	rootObject = 8DCFDC7A2235A568001E0E03 /* Project object */;
}
